
Microsoft Visual Studio Solution File, Format Version 12.00
# Visual Studio Version 17
VisualStudioVersion = 17.0.31903.59
MinimumVisualStudioVersion = 10.0.40219.1
Project("{FAE04EC0-301F-11D3-BF4B-00C04F79EFBC}") = "Game", "Game\Game.csproj", "{A054E9EC-1D7A-489D-A388-061A9F1EF1D8}"
EndProject
Project("{FAE04EC0-301F-11D3-BF4B-00C04F79EFBC}") = "EngineCore", "EngineCore\EngineCore.csproj", "{78B90A2A-CBCE-46E9-A38C-A77F010C75DC}"
EndProject
Project("{FAE04EC0-301F-11D3-BF4B-00C04F79EFBC}") = "IslandEngine", "IslandEngine\IslandEngine.csproj", "{D001B7D7-3513-4709-A9CB-E688D60C3B0C}"
EndProject
Project("{FAE04EC0-301F-11D3-BF4B-00C04F79EFBC}") = "SimulationEngine", "SimulationEngine\SimulationEngine.csproj", "{C35EEE99-110E-453F-A592-E403463EFA27}"
EndProject
Global
	GlobalSection(SolutionConfigurationPlatforms) = preSolution
		Debug|Any CPU = Debug|Any CPU
		Debug|x64 = Debug|x64
		Debug|x86 = Debug|x86
		Release|Any CPU = Release|Any CPU
		Release|x64 = Release|x64
		Release|x86 = Release|x86
	EndGlobalSection
	GlobalSection(ProjectConfigurationPlatforms) = postSolution
		{A054E9EC-1D7A-489D-A388-061A9F1EF1D8}.Debug|Any CPU.ActiveCfg = Debug|Any CPU
		{A054E9EC-1D7A-489D-A388-061A9F1EF1D8}.Debug|Any CPU.Build.0 = Debug|Any CPU
		{A054E9EC-1D7A-489D-A388-061A9F1EF1D8}.Debug|x64.ActiveCfg = Debug|Any CPU
		{A054E9EC-1D7A-489D-A388-061A9F1EF1D8}.Debug|x64.Build.0 = Debug|Any CPU
		{A054E9EC-1D7A-489D-A388-061A9F1EF1D8}.Debug|x86.ActiveCfg = Debug|Any CPU
		{A054E9EC-1D7A-489D-A388-061A9F1EF1D8}.Debug|x86.Build.0 = Debug|Any CPU
		{A054E9EC-1D7A-489D-A388-061A9F1EF1D8}.Release|Any CPU.ActiveCfg = Release|Any CPU
		{A054E9EC-1D7A-489D-A388-061A9F1EF1D8}.Release|Any CPU.Build.0 = Release|Any CPU
		{A054E9EC-1D7A-489D-A388-061A9F1EF1D8}.Release|x64.ActiveCfg = Release|Any CPU
		{A054E9EC-1D7A-489D-A388-061A9F1EF1D8}.Release|x64.Build.0 = Release|Any CPU
		{A054E9EC-1D7A-489D-A388-061A9F1EF1D8}.Release|x86.ActiveCfg = Release|Any CPU
		{A054E9EC-1D7A-489D-A388-061A9F1EF1D8}.Release|x86.Build.0 = Release|Any CPU
		{78B90A2A-CBCE-46E9-A38C-A77F010C75DC}.Debug|Any CPU.ActiveCfg = Debug|Any CPU
		{78B90A2A-CBCE-46E9-A38C-A77F010C75DC}.Debug|Any CPU.Build.0 = Debug|Any CPU
		{78B90A2A-CBCE-46E9-A38C-A77F010C75DC}.Debug|x64.ActiveCfg = Debug|Any CPU
		{78B90A2A-CBCE-46E9-A38C-A77F010C75DC}.Debug|x64.Build.0 = Debug|Any CPU
		{78B90A2A-CBCE-46E9-A38C-A77F010C75DC}.Debug|x86.ActiveCfg = Debug|Any CPU
		{78B90A2A-CBCE-46E9-A38C-A77F010C75DC}.Debug|x86.Build.0 = Debug|Any CPU
		{78B90A2A-CBCE-46E9-A38C-A77F010C75DC}.Release|Any CPU.ActiveCfg = Release|Any CPU
		{78B90A2A-CBCE-46E9-A38C-A77F010C75DC}.Release|Any CPU.Build.0 = Release|Any CPU
		{78B90A2A-CBCE-46E9-A38C-A77F010C75DC}.Release|x64.ActiveCfg = Release|Any CPU
		{78B90A2A-CBCE-46E9-A38C-A77F010C75DC}.Release|x64.Build.0 = Release|Any CPU
		{78B90A2A-CBCE-46E9-A38C-A77F010C75DC}.Release|x86.ActiveCfg = Release|Any CPU
		{78B90A2A-CBCE-46E9-A38C-A77F010C75DC}.Release|x86.Build.0 = Release|Any CPU
		{D001B7D7-3513-4709-A9CB-E688D60C3B0C}.Debug|Any CPU.ActiveCfg = Debug|Any CPU
		{D001B7D7-3513-4709-A9CB-E688D60C3B0C}.Debug|Any CPU.Build.0 = Debug|Any CPU
		{D001B7D7-3513-4709-A9CB-E688D60C3B0C}.Debug|x64.ActiveCfg = Debug|Any CPU
		{D001B7D7-3513-4709-A9CB-E688D60C3B0C}.Debug|x64.Build.0 = Debug|Any CPU
		{D001B7D7-3513-4709-A9CB-E688D60C3B0C}.Debug|x86.ActiveCfg = Debug|Any CPU
		{D001B7D7-3513-4709-A9CB-E688D60C3B0C}.Debug|x86.Build.0 = Debug|Any CPU
		{D001B7D7-3513-4709-A9CB-E688D60C3B0C}.Release|Any CPU.ActiveCfg = Release|Any CPU
		{D001B7D7-3513-4709-A9CB-E688D60C3B0C}.Release|Any CPU.Build.0 = Release|Any CPU
		{D001B7D7-3513-4709-A9CB-E688D60C3B0C}.Release|x64.ActiveCfg = Release|Any CPU
		{D001B7D7-3513-4709-A9CB-E688D60C3B0C}.Release|x64.Build.0 = Release|Any CPU
		{D001B7D7-3513-4709-A9CB-E688D60C3B0C}.Release|x86.ActiveCfg = Release|Any CPU
		{D001B7D7-3513-4709-A9CB-E688D60C3B0C}.Release|x86.Build.0 = Release|Any CPU
		{C35EEE99-110E-453F-A592-E403463EFA27}.Debug|Any CPU.ActiveCfg = Debug|Any CPU
		{C35EEE99-110E-453F-A592-E403463EFA27}.Debug|Any CPU.Build.0 = Debug|Any CPU
		{C35EEE99-110E-453F-A592-E403463EFA27}.Debug|x64.ActiveCfg = Debug|Any CPU
		{C35EEE99-110E-453F-A592-E403463EFA27}.Debug|x64.Build.0 = Debug|Any CPU
		{C35EEE99-110E-453F-A592-E403463EFA27}.Debug|x86.ActiveCfg = Debug|Any CPU
		{C35EEE99-110E-453F-A592-E403463EFA27}.Debug|x86.Build.0 = Debug|Any CPU
		{C35EEE99-110E-453F-A592-E403463EFA27}.Release|Any CPU.ActiveCfg = Release|Any CPU
		{C35EEE99-110E-453F-A592-E403463EFA27}.Release|Any CPU.Build.0 = Release|Any CPU
		{C35EEE99-110E-453F-A592-E403463EFA27}.Release|x64.ActiveCfg = Release|Any CPU
		{C35EEE99-110E-453F-A592-E403463EFA27}.Release|x64.Build.0 = Release|Any CPU
		{C35EEE99-110E-453F-A592-E403463EFA27}.Release|x86.ActiveCfg = Release|Any CPU
		{C35EEE99-110E-453F-A592-E403463EFA27}.Release|x86.Build.0 = Release|Any CPU
	EndGlobalSection
	GlobalSection(SolutionProperties) = preSolution
		HideSolutionNode = FALSE
	EndGlobalSection
EndGlobal
